// !$*UTF8*$!
{
	archiveVersion = 1;
	classes = {
	};
	objectVersion = 50;
	objects = {

/* Begin PBXBuildFile section */
		791FB22B255AD1440001BCBA /* AppDelegate.swift in Sources */ = {isa = PBXBuildFile; fileRef = 791FB22A255AD1440001BCBA /* AppDelegate.swift */; };
		791FB22D255AD1440001BCBA /* SceneDelegate.swift in Sources */ = {isa = PBXBuildFile; fileRef = 791FB22C255AD1440001BCBA /* SceneDelegate.swift */; };
		791FB22F255AD1440001BCBA /* ViewController.swift in Sources */ = {isa = PBXBuildFile; fileRef = 791FB22E255AD1440001BCBA /* ViewController.swift */; };
		791FB232255AD1440001BCBA /* Main.storyboard in Resources */ = {isa = PBXBuildFile; fileRef = 791FB230255AD1440001BCBA /* Main.storyboard */; };
		791FB234255AD1460001BCBA /* Assets.xcassets in Resources */ = {isa = PBXBuildFile; fileRef = 791FB233255AD1460001BCBA /* Assets.xcassets */; };
		791FB237255AD1460001BCBA /* LaunchScreen.storyboard in Resources */ = {isa = PBXBuildFile; fileRef = 791FB235255AD1460001BCBA /* LaunchScreen.storyboard */; };
		791FB25B255AD51A0001BCBA /* SimpleLayoutEngine.swift in Sources */ = {isa = PBXBuildFile; fileRef = 791FB25A255AD51A0001BCBA /* SimpleLayoutEngine.swift */; };
		791FB26A255B40A90001BCBA /* square.png in Resources */ = {isa = PBXBuildFile; fileRef = 791FB269255B40A90001BCBA /* square.png */; };
		791FB26F255C16DF0001BCBA /* DetailViewController.swift in Sources */ = {isa = PBXBuildFile; fileRef = 791FB26E255C16DF0001BCBA /* DetailViewController.swift */; };
		791FB27D255C84700001BCBA /* UIKit+SLE.swift in Sources */ = {isa = PBXBuildFile; fileRef = 791FB27C255C84700001BCBA /* UIKit+SLE.swift */; };
		7945319C2802CAF40008D9D0 /* SLEViewController.swift in Sources */ = {isa = PBXBuildFile; fileRef = 7945319B2802CAF40008D9D0 /* SLEViewController.swift */; };
		79E73E602561A70800A49F1D /* ImageView.swift in Sources */ = {isa = PBXBuildFile; fileRef = 79E73E5F2561A70800A49F1D /* ImageView.swift */; };
		79E73E642561C25400A49F1D /* TransitionController.swift in Sources */ = {isa = PBXBuildFile; fileRef = 79E73E632561C25400A49F1D /* TransitionController.swift */; };
/* End PBXBuildFile section */

/* Begin PBXFileReference section */
		791FB227255AD1440001BCBA /* SimpleLayoutEngineDemo.app */ = {isa = PBXFileReference; explicitFileType = wrapper.application; includeInIndex = 0; path = SimpleLayoutEngineDemo.app; sourceTree = BUILT_PRODUCTS_DIR; };
		791FB22A255AD1440001BCBA /* AppDelegate.swift */ = {isa = PBXFileReference; lastKnownFileType = sourcecode.swift; path = AppDelegate.swift; sourceTree = "<group>"; };
		791FB22C255AD1440001BCBA /* SceneDelegate.swift */ = {isa = PBXFileReference; lastKnownFileType = sourcecode.swift; path = SceneDelegate.swift; sourceTree = "<group>"; };
		791FB22E255AD1440001BCBA /* ViewController.swift */ = {isa = PBXFileReference; lastKnownFileType = sourcecode.swift; path = ViewController.swift; sourceTree = "<group>"; };
		791FB231255AD1440001BCBA /* Base */ = {isa = PBXFileReference; lastKnownFileType = file.storyboard; name = Base; path = Base.lproj/Main.storyboard; sourceTree = "<group>"; };
		791FB233255AD1460001BCBA /* Assets.xcassets */ = {isa = PBXFileReference; lastKnownFileType = folder.assetcatalog; path = Assets.xcassets; sourceTree = "<group>"; };
		791FB236255AD1460001BCBA /* Base */ = {isa = PBXFileReference; lastKnownFileType = file.storyboard; name = Base; path = Base.lproj/LaunchScreen.storyboard; sourceTree = "<group>"; };
		791FB238255AD1460001BCBA /* Info.plist */ = {isa = PBXFileReference; lastKnownFileType = text.plist.xml; path = Info.plist; sourceTree = "<group>"; };
		791FB25A255AD51A0001BCBA /* SimpleLayoutEngine.swift */ = {isa = PBXFileReference; fileEncoding = 4; lastKnownFileType = sourcecode.swift; path = SimpleLayoutEngine.swift; sourceTree = "<group>"; };
		791FB266255B35CC0001BCBA /* SimpleLayoutEngineDemo.entitlements */ = {isa = PBXFileReference; lastKnownFileType = text.plist.entitlements; path = SimpleLayoutEngineDemo.entitlements; sourceTree = "<group>"; };
		791FB269255B40A90001BCBA /* square.png */ = {isa = PBXFileReference; lastKnownFileType = image.png; path = square.png; sourceTree = "<group>"; };
		791FB26E255C16DF0001BCBA /* DetailViewController.swift */ = {isa = PBXFileReference; lastKnownFileType = sourcecode.swift; path = DetailViewController.swift; sourceTree = "<group>"; };
		791FB27C255C84700001BCBA /* UIKit+SLE.swift */ = {isa = PBXFileReference; lastKnownFileType = sourcecode.swift; path = "UIKit+SLE.swift"; sourceTree = "<group>"; };
		7945319B2802CAF40008D9D0 /* SLEViewController.swift */ = {isa = PBXFileReference; lastKnownFileType = sourcecode.swift; path = SLEViewController.swift; sourceTree = "<group>"; };
		79E73E5F2561A70800A49F1D /* ImageView.swift */ = {isa = PBXFileReference; lastKnownFileType = sourcecode.swift; path = ImageView.swift; sourceTree = "<group>"; };
		79E73E632561C25400A49F1D /* TransitionController.swift */ = {isa = PBXFileReference; lastKnownFileType = sourcecode.swift; path = TransitionController.swift; sourceTree = "<group>"; };
/* End PBXFileReference section */

/* Begin PBXFrameworksBuildPhase section */
		791FB224255AD1440001BCBA /* Frameworks */ = {
			isa = PBXFrameworksBuildPhase;
			buildActionMask = 2147483647;
			files = (
			);
			runOnlyForDeploymentPostprocessing = 0;
		};
/* End PBXFrameworksBuildPhase section */

/* Begin PBXGroup section */
		791FB21E255AD1440001BCBA = {
			isa = PBXGroup;
			children = (
				791FB259255AD51A0001BCBA /* SimpleLayoutEngine */,
				791FB229255AD1440001BCBA /* SimpleLayoutEngineDemo */,
				791FB228255AD1440001BCBA /* Products */,
			);
			sourceTree = "<group>";
		};
		791FB228255AD1440001BCBA /* Products */ = {
			isa = PBXGroup;
			children = (
				791FB227255AD1440001BCBA /* SimpleLayoutEngineDemo.app */,
			);
			name = Products;
			sourceTree = "<group>";
		};
		791FB229255AD1440001BCBA /* SimpleLayoutEngineDemo */ = {
			isa = PBXGroup;
			children = (
				791FB266255B35CC0001BCBA /* SimpleLayoutEngineDemo.entitlements */,
				791FB22A255AD1440001BCBA /* AppDelegate.swift */,
				791FB22C255AD1440001BCBA /* SceneDelegate.swift */,
				791FB27C255C84700001BCBA /* UIKit+SLE.swift */,
				79E73E5F2561A70800A49F1D /* ImageView.swift */,
				791FB22E255AD1440001BCBA /* ViewController.swift */,
				791FB26E255C16DF0001BCBA /* DetailViewController.swift */,
				79E73E632561C25400A49F1D /* TransitionController.swift */,
				791FB269255B40A90001BCBA /* square.png */,
				791FB230255AD1440001BCBA /* Main.storyboard */,
				791FB233255AD1460001BCBA /* Assets.xcassets */,
				791FB235255AD1460001BCBA /* LaunchScreen.storyboard */,
				791FB238255AD1460001BCBA /* Info.plist */,
			);
			path = SimpleLayoutEngineDemo;
			sourceTree = "<group>";
		};
		791FB259255AD51A0001BCBA /* SimpleLayoutEngine */ = {
			isa = PBXGroup;
			children = (
				791FB25A255AD51A0001BCBA /* SimpleLayoutEngine.swift */,
				7945319B2802CAF40008D9D0 /* SLEViewController.swift */,
			);
			name = SimpleLayoutEngine;
			path = ../../Sources/SimpleLayoutEngine;
			sourceTree = "<group>";
		};
/* End PBXGroup section */

/* Begin PBXNativeTarget section */
		791FB226255AD1440001BCBA /* SimpleLayoutEngineDemo */ = {
			isa = PBXNativeTarget;
			buildConfigurationList = 791FB23B255AD1460001BCBA /* Build configuration list for PBXNativeTarget "SimpleLayoutEngineDemo" */;
			buildPhases = (
				791FB223255AD1440001BCBA /* Sources */,
				791FB224255AD1440001BCBA /* Frameworks */,
				791FB225255AD1440001BCBA /* Resources */,
			);
			buildRules = (
			);
			dependencies = (
			);
			name = SimpleLayoutEngineDemo;
			productName = SimpleLayoutEngineDemo;
			productReference = 791FB227255AD1440001BCBA /* SimpleLayoutEngineDemo.app */;
			productType = "com.apple.product-type.application";
		};
/* End PBXNativeTarget section */

/* Begin PBXProject section */
		791FB21F255AD1440001BCBA /* Project object */ = {
			isa = PBXProject;
			attributes = {
				LastSwiftUpdateCheck = 1200;
				LastUpgradeCheck = 1200;
				ORGANIZATIONNAME = whackylabs;
				TargetAttributes = {
					791FB226255AD1440001BCBA = {
						CreatedOnToolsVersion = 12.0;
					};
				};
			};
			buildConfigurationList = 791FB222255AD1440001BCBA /* Build configuration list for PBXProject "SimpleLayoutEngineDemo" */;
			compatibilityVersion = "Xcode 9.3";
			developmentRegion = en;
			hasScannedForEncodings = 0;
			knownRegions = (
				en,
				Base,
			);
			mainGroup = 791FB21E255AD1440001BCBA;
			productRefGroup = 791FB228255AD1440001BCBA /* Products */;
			projectDirPath = "";
			projectRoot = "";
			targets = (
				791FB226255AD1440001BCBA /* SimpleLayoutEngineDemo */,
			);
		};
/* End PBXProject section */

/* Begin PBXResourcesBuildPhase section */
		791FB225255AD1440001BCBA /* Resources */ = {
			isa = PBXResourcesBuildPhase;
			buildActionMask = 2147483647;
			files = (
				791FB237255AD1460001BCBA /* LaunchScreen.storyboard in Resources */,
				791FB234255AD1460001BCBA /* Assets.xcassets in Resources */,
				791FB26A255B40A90001BCBA /* square.png in Resources */,
				791FB232255AD1440001BCBA /* Main.storyboard in Resources */,
			);
			runOnlyForDeploymentPostprocessing = 0;
		};
/* End PBXResourcesBuildPhase section */

/* Begin PBXSourcesBuildPhase section */
		791FB223255AD1440001BCBA /* Sources */ = {
			isa = PBXSourcesBuildPhase;
			buildActionMask = 2147483647;
			files = (
				791FB22F255AD1440001BCBA /* ViewController.swift in Sources */,
				7945319C2802CAF40008D9D0 /* SLEViewController.swift in Sources */,
				791FB25B255AD51A0001BCBA /* SimpleLayoutEngine.swift in Sources */,
				791FB27D255C84700001BCBA /* UIKit+SLE.swift in Sources */,
				791FB26F255C16DF0001BCBA /* DetailViewController.swift in Sources */,
				791FB22B255AD1440001BCBA /* AppDelegate.swift in Sources */,
				79E73E602561A70800A49F1D /* ImageView.swift in Sources */,
				79E73E642561C25400A49F1D /* TransitionController.swift in Sources */,
				791FB22D255AD1440001BCBA /* SceneDelegate.swift in Sources */,
			);
			runOnlyForDeploymentPostprocessing = 0;
		};
/* End PBXSourcesBuildPhase section */

/* Begin PBXVariantGroup section */
		791FB230255AD1440001BCBA /* Main.storyboard */ = {
			isa = PBXVariantGroup;
			children = (
				791FB231255AD1440001BCBA /* Base */,
			);
			name = Main.storyboard;
			sourceTree = "<group>";
		};
		791FB235255AD1460001BCBA /* LaunchScreen.storyboard */ = {
			isa = PBXVariantGroup;
			children = (
				791FB236255AD1460001BCBA /* Base */,
			);
			name = LaunchScreen.storyboard;
			sourceTree = "<group>";
		};
/* End PBXVariantGroup section */

/* Begin XCBuildConfiguration section */
		791FB239255AD1460001BCBA /* Debug */ = {
			isa = XCBuildConfiguration;
			buildSettings = {
				ALWAYS_SEARCH_USER_PATHS = NO;
				CLANG_ANALYZER_NONNULL = YES;
				CLANG_ANALYZER_NUMBER_OBJECT_CONVERSION = YES_AGGRESSIVE;
				CLANG_CXX_LANGUAGE_STANDARD = "gnu++14";
				CLANG_CXX_LIBRARY = "libc++";
				CLANG_ENABLE_MODULES = YES;
				CLANG_ENABLE_OBJC_ARC = YES;
				CLANG_ENABLE_OBJC_WEAK = YES;
				CLANG_WARN_BLOCK_CAPTURE_AUTORELEASING = YES;
				CLANG_WARN_BOOL_CONVERSION = YES;
				CLANG_WARN_COMMA = YES;
				CLANG_WARN_CONSTANT_CONVERSION = YES;
				CLANG_WARN_DEPRECATED_OBJC_IMPLEMENTATIONS = YES;
				CLANG_WARN_DIRECT_OBJC_ISA_USAGE = YES_ERROR;
				CLANG_WARN_DOCUMENTATION_COMMENTS = YES;
				CLANG_WARN_EMPTY_BODY = YES;
				CLANG_WARN_ENUM_CONVERSION = YES;
				CLANG_WARN_INFINITE_RECURSION = YES;
				CLANG_WARN_INT_CONVERSION = YES;
				CLANG_WARN_NON_LITERAL_NULL_CONVERSION = YES;
				CLANG_WARN_OBJC_IMPLICIT_RETAIN_SELF = YES;
				CLANG_WARN_OBJC_LITERAL_CONVERSION = YES;
				CLANG_WARN_OBJC_ROOT_CLASS = YES_ERROR;
				CLANG_WARN_QUOTED_INCLUDE_IN_FRAMEWORK_HEADER = YES;
				CLANG_WARN_RANGE_LOOP_ANALYSIS = YES;
				CLANG_WARN_STRICT_PROTOTYPES = YES;
				CLANG_WARN_SUSPICIOUS_MOVE = YES;
				CLANG_WARN_UNGUARDED_AVAILABILITY = YES_AGGRESSIVE;
				CLANG_WARN_UNREACHABLE_CODE = YES;
				CLANG_WARN__DUPLICATE_METHOD_MATCH = YES;
				COPY_PHASE_STRIP = NO;
				DEBUG_INFORMATION_FORMAT = dwarf;
				ENABLE_STRICT_OBJC_MSGSEND = YES;
				ENABLE_TESTABILITY = YES;
				GCC_C_LANGUAGE_STANDARD = gnu11;
				GCC_DYNAMIC_NO_PIC = NO;
				GCC_NO_COMMON_BLOCKS = YES;
				GCC_OPTIMIZATION_LEVEL = 0;
				GCC_PREPROCESSOR_DEFINITIONS = (
					"DEBUG=1",
					"$(inherited)",
				);
				GCC_WARN_64_TO_32_BIT_CONVERSION = YES;
				GCC_WARN_ABOUT_RETURN_TYPE = YES_ERROR;
				GCC_WARN_UNDECLARED_SELECTOR = YES;
				GCC_WARN_UNINITIALIZED_AUTOS = YES_AGGRESSIVE;
				GCC_WARN_UNUSED_FUNCTION = YES;
				GCC_WARN_UNUSED_VARIABLE = YES;
				IPHONEOS_DEPLOYMENT_TARGET = 14.0;
				MTL_ENABLE_DEBUG_INFO = INCLUDE_SOURCE;
				MTL_FAST_MATH = YES;
				ONLY_ACTIVE_ARCH = YES;
				SDKROOT = iphoneos;
				SWIFT_ACTIVE_COMPILATION_CONDITIONS = DEBUG;
				SWIFT_OPTIMIZATION_LEVEL = "-Onone";
			};
			name = Debug;
		};
		791FB23A255AD1460001BCBA /* Release */ = {
			isa = XCBuildConfiguration;
			buildSettings = {
				ALWAYS_SEARCH_USER_PATHS = NO;
				CLANG_ANALYZER_NONNULL = YES;
				CLANG_ANALYZER_NUMBER_OBJECT_CONVERSION = YES_AGGRESSIVE;
				CLANG_CXX_LANGUAGE_STANDARD = "gnu++14";
				CLANG_CXX_LIBRARY = "libc++";
				CLANG_ENABLE_MODULES = YES;
				CLANG_ENABLE_OBJC_ARC = YES;
				CLANG_ENABLE_OBJC_WEAK = YES;
				CLANG_WARN_BLOCK_CAPTURE_AUTORELEASING = YES;
				CLANG_WARN_BOOL_CONVERSION = YES;
				CLANG_WARN_COMMA = YES;
				CLANG_WARN_CONSTANT_CONVERSION = YES;
				CLANG_WARN_DEPRECATED_OBJC_IMPLEMENTATIONS = YES;
				CLANG_WARN_DIRECT_OBJC_ISA_USAGE = YES_ERROR;
				CLANG_WARN_DOCUMENTATION_COMMENTS = YES;
				CLANG_WARN_EMPTY_BODY = YES;
				CLANG_WARN_ENUM_CONVERSION = YES;
				CLANG_WARN_INFINITE_RECURSION = YES;
				CLANG_WARN_INT_CONVERSION = YES;
				CLANG_WARN_NON_LITERAL_NULL_CONVERSION = YES;
				CLANG_WARN_OBJC_IMPLICIT_RETAIN_SELF = YES;
				CLANG_WARN_OBJC_LITERAL_CONVERSION = YES;
				CLANG_WARN_OBJC_ROOT_CLASS = YES_ERROR;
				CLANG_WARN_QUOTED_INCLUDE_IN_FRAMEWORK_HEADER = YES;
				CLANG_WARN_RANGE_LOOP_ANALYSIS = YES;
				CLANG_WARN_STRICT_PROTOTYPES = YES;
				CLANG_WARN_SUSPICIOUS_MOVE = YES;
				CLANG_WARN_UNGUARDED_AVAILABILITY = YES_AGGRESSIVE;
				CLANG_WARN_UNREACHABLE_CODE = YES;
				CLANG_WARN__DUPLICATE_METHOD_MATCH = YES;
				COPY_PHASE_STRIP = NO;
				DEBUG_INFORMATION_FORMAT = "dwarf-with-dsym";
				ENABLE_NS_ASSERTIONS = NO;
				ENABLE_STRICT_OBJC_MSGSEND = YES;
				GCC_C_LANGUAGE_STANDARD = gnu11;
				GCC_NO_COMMON_BLOCKS = YES;
				GCC_WARN_64_TO_32_BIT_CONVERSION = YES;
				GCC_WARN_ABOUT_RETURN_TYPE = YES_ERROR;
				GCC_WARN_UNDECLARED_SELECTOR = YES;
				GCC_WARN_UNINITIALIZED_AUTOS = YES_AGGRESSIVE;
				GCC_WARN_UNUSED_FUNCTION = YES;
				GCC_WARN_UNUSED_VARIABLE = YES;
				IPHONEOS_DEPLOYMENT_TARGET = 14.0;
				MTL_ENABLE_DEBUG_INFO = NO;
				MTL_FAST_MATH = YES;
				SDKROOT = iphoneos;
				SWIFT_COMPILATION_MODE = wholemodule;
				SWIFT_OPTIMIZATION_LEVEL = "-O";
				VALIDATE_PRODUCT = YES;
			};
			name = Release;
		};
		791FB23C255AD1460001BCBA /* Debug */ = {
			isa = XCBuildConfiguration;
			buildSettings = {
				ASSETCATALOG_COMPILER_APPICON_NAME = AppIcon;
				ASSETCATALOG_COMPILER_GLOBAL_ACCENT_COLOR_NAME = AccentColor;
				CODE_SIGN_ENTITLEMENTS = SimpleLayoutEngineDemo/SimpleLayoutEngineDemo.entitlements;
				"CODE_SIGN_IDENTITY[sdk=macosx*]" = "-";
				CODE_SIGN_STYLE = Manual;
				DEVELOPMENT_TEAM = "";
				INFOPLIST_FILE = SimpleLayoutEngineDemo/Info.plist;
				IPHONEOS_DEPLOYMENT_TARGET = 13.0;
				LD_RUNPATH_SEARCH_PATHS = (
					"$(inherited)",
					"@executable_path/Frameworks",
				);
				PRODUCT_BUNDLE_IDENTIFIER = com.whackylabs.SimpleLayoutEngineDemo;
				PRODUCT_NAME = "$(TARGET_NAME)";
				PROVISIONING_PROFILE_SPECIFIER = "";
				SUPPORTS_MACCATALYST = YES;
				SWIFT_VERSION = 5.0;
				TARGETED_DEVICE_FAMILY = "1,2";
			};
			name = Debug;
		};
		791FB23D255AD1460001BCBA /* Release */ = {
			isa = XCBuildConfiguration;
			buildSettings = {
				ASSETCATALOG_COMPILER_APPICON_NAME = AppIcon;
				ASSETCATALOG_COMPILER_GLOBAL_ACCENT_COLOR_NAME = AccentColor;
				CODE_SIGN_ENTITLEMENTS = SimpleLayoutEngineDemo/SimpleLayoutEngineDemo.entitlements;
				"CODE_SIGN_IDENTITY[sdk=macosx*]" = "-";
				CODE_SIGN_STYLE = Manual;
				DEVELOPMENT_TEAM = "";
				INFOPLIST_FILE = SimpleLayoutEngineDemo/Info.plist;
				IPHONEOS_DEPLOYMENT_TARGET = 13.0;
				LD_RUNPATH_SEARCH_PATHS = (
					"$(inherited)",
					"@executable_path/Frameworks",
				);
				PRODUCT_BUNDLE_IDENTIFIER = com.whackylabs.SimpleLayoutEngineDemo;
				PRODUCT_NAME = "$(TARGET_NAME)";
				PROVISIONING_PROFILE_SPECIFIER = "";
				SUPPORTS_MACCATALYST = YES;
				SWIFT_VERSION = 5.0;
				TARGETED_DEVICE_FAMILY = "1,2";
			};
			name = Release;
		};
/* End XCBuildConfiguration section */

/* Begin XCConfigurationList section */
		791FB222255AD1440001BCBA /* Build configuration list for PBXProject "SimpleLayoutEngineDemo" */ = {
			isa = XCConfigurationList;
			buildConfigurations = (
				791FB239255AD1460001BCBA /* Debug */,
				791FB23A255AD1460001BCBA /* Release */,
			);
			defaultConfigurationIsVisible = 0;
			defaultConfigurationName = Release;
		};
		791FB23B255AD1460001BCBA /* Build configuration list for PBXNativeTarget "SimpleLayoutEngineDemo" */ = {
			isa = XCConfigurationList;
			buildConfigurations = (
				791FB23C255AD1460001BCBA /* Debug */,
				791FB23D255AD1460001BCBA /* Release */,
			);
			defaultConfigurationIsVisible = 0;
			defaultConfigurationName = Release;
		};
/* End XCConfigurationList section */
	};
	rootObject = 791FB21F255AD1440001BCBA /* Project object */;
}
