{
  "pins" : [
    {
      "identity" : "simplelayoutengine",
      "kind" : "remoteSourceControl",
      "location" : "https://github.com/chunkyguy/SimpleLayoutEngine",
      "state" : {
        "branch" : "master",
        "revision" : "64a0b1778cd9903b7973bd627f51e24a57f5d0ce"
      }
    }
  ],
  "version" : 2
}
