{
  "pins" : [
    {
      "identity" : "simplelayoutengine",
      "kind" : "remoteSourceControl",
      "location" : "https://github.com/chunkyguy/SimpleLayoutEngine",
      "state" : {
        "branch" : "master",
        "revision" : "153dc41934c6386516d107152f27596aec904dc4"
      }
    }
  ],
  "version" : 2
}
